codeberg.org/vula/highctidh v1.0.2025051200 h1:4xG2pxCCYKvI2HICy5YQf+44d8pEibuOg4u86PvX4OM=
codeberg.org/vula/highctidh v1.0.2025051200/go.mod h1:admvznk7GhsrDih/BMy7jbIv9Y86U9vj7S5FVoquF/g=
filippo.io/mlkem768 v0.0.0-20260214141301-2e7bebc7d88d h1:YyLyABjdrdt2l/E6JAnku4BjhEDXhxQD2bPOnOvy8/M=
filippo.io/mlkem768 v0.0.0-20260214141301-2e7bebc7d88d/go.mod h1:ym4egWKLpazdho3bHx0xuQlCq02ttP+vhxxKO8LgO9c=
github.com/davecgh/go-spew v1.1.0/go.mod h1:J7Y8YcW2NihsgmVo/mv3lAwl/skON4iLHjSsI+c5H38=
github.com/davecgh/go-spew v1.1.1 h1:vj9j/u1bqnvCEfJOwUhtlOARqs3+rkHYY13jYWTU97c=
github.com/davecgh/go-spew v1.1.1/go.mod h1:J7Y8YcW2NihsgmVo/mv3lAwl/skON4iLHjSsI+c5H38=
github.com/katzenpost/chacha20 v0.0.1 h1:Scu6Pqyginw083FhypKMIBmCI2gQTC1RFD6vqpWwI2Y=
github.com/katzenpost/chacha20 v0.0.1/go.mod h1:/LIJK/8cUXVJrCh5NypZ8So3gDfQCoQT8lRvy1rYQZA=
github.com/katzenpost/circl v1.3.8-0.20260413165442-e2d217fd59f5 h1:n+9aUwSmnz97MNS9duYeHSq+s42CG9wydFECOjqAI9A=
github.com/katzenpost/circl v1.3.8-0.20260413165442-e2d217fd59f5/go.mod h1:9KxLMK17ZLjofnmpVp4Sm315uIF3BAWHVk32EFDRicU=
github.com/katzenpost/hpqc v0.0.85 h1:2HZN+EdZR2/BJ6rhEoWepA83u5kSayp9r0VR+Jud+5M=
github.com/katzenpost/hpqc v0.0.85/go.mod h1:C/MaI/ke/uHR5FCKuqB/GNa/JLoFk9PeBnFoP23dh6Q=
github.com/katzenpost/nyquist v0.0.13 h1:U4Ogik5WuBoy9l7HFTUGXdc2B/3Xa3QLoK7vTDOPAbw=
github.com/katzenpost/nyquist v0.0.13/go.mod h1:6DgFOY5YLt9jy2skOpeaM4Rpha2xZ1Vufg5kOzV23Gw=
github.com/katzenpost/sntrup4591761 v0.0.0-20231024131303-8755eb1986b8 h1:TsKxH0x2RUwf5rBw67k15bqVM3oVbexA9oaTZQLIy3Y=
github.com/katzenpost/sntrup4591761 v0.0.0-20231024131303-8755eb1986b8/go.mod h1:Hmcrwom7jcEmGdo0CsyuJNnldPeyS+M07FuCbo7I8fw=
github.com/mattn/go-pointer v0.0.1 h1:n+XhsuGeVO6MEAp7xyEukFINEa+Quek5psIR/ylA6o0=
github.com/mattn/go-pointer v0.0.1/go.mod h1:2zXcozF6qYGgmsG+SeTZz3oAbFLdD3OWqnUbNvJZAlc=
github.com/oasisprotocol/deoxysii v0.0.0-20220228165953-2091330c22b7 h1:1102pQc2SEPp5+xrS26wEaeb26sZy6k9/ZXlZN+eXE4=
github.com/oasisprotocol/deoxysii v0.0.0-20220228165953-2091330c22b7/go.mod h1:UqoUn6cHESlliMhOnKLWr+CBH+e3bazUPvFj1XZwAjs=
github.com/pmezard/go-difflib v1.0.0 h1:4DBwDE0NGyQoBHbLQYPwSUPoCMWR5BEzIk/f1lZbAQM=
github.com/pmezard/go-difflib v1.0.0/go.mod h1:iKH77koFhYxTK1pcRnkKkqfTogsbg7gZNVY4sRDYZ/4=
github.com/rfjakob/eme v1.1.2 h1:SxziR8msSOElPayZNFfQw4Tjx/Sbaeeh3eRvrHVMUs4=
github.com/rfjakob/eme v1.1.2/go.mod h1:cVvpasglm/G3ngEfcfT/Wt0GwhkuO32pf/poW6Nyk1k=
github.com/shurlinet/go-hqc v0.1.1 h1:p0ZSHW+Spulp0pBnuyYTjgqmqm0CkILZWyOEZeKRXl0=
github.com/shurlinet/go-hqc v0.1.1/go.mod h1:3pQdozY8+F4AcOpiyj/ztKR90TwMDMBjbiNHNbejPtw=
github.com/stretchr/objx v0.1.0/go.mod h1:HFkY916IF+rwdDfMAkV7OtwuqBVzrE8GR6GFx+wExME=
github.com/stretchr/testify v1.3.0/go.mod h1:M5WIy9Dh21IEIfnGCwXGc5bZfKNJtfHm1UVUgZn+9EI=
github.com/stretchr/testify v1.8.4 h1:CcVxjf3Q8PM0mHUKJCdn+eZZtm5yQwehR5yeSVQQcUk=
github.com/stretchr/testify v1.8.4/go.mod h1:sz/lmYIOXD/1dqDmKjjqLyZ2RngseejIcXlSw2iwfAo=
gitlab.com/yawning/bsaes.git v0.0.0-20190805113838-0a714cd429ec h1:FpfFs4EhNehiVfzQttTuxanPIT43FtkkCFypIod8LHo=
gitlab.com/yawning/bsaes.git v0.0.0-20190805113838-0a714cd429ec/go.mod h1:BZ1RAoRPbCxum9Grlv5aeksu2H8BiKehBYooU2LFiOQ=
gitlab.com/yawning/x448.git v0.0.0-20221003101044-617eb9b7d9b7 h1:ITrNVw6uSwSdEap0RR4us4RV1CHPBHvBZApENRcDk3c=
gitlab.com/yawning/x448.git v0.0.0-20221003101044-617eb9b7d9b7/go.mod h1:BC2R0OW0tAYTMNLB4UMXwkk7WKokoDZP5n73hyLPyCo=
golang.org/x/crypto v0.51.0 h1:IBPXwPfKxY7cWQZ38ZCIRPI50YLeevDLlLnyC5wRGTI=
golang.org/x/crypto v0.51.0/go.mod h1:8AdwkbraGNABw2kOX6YFPs3WM22XqI4EXEd8g+x7Oc8=
golang.org/x/sys v0.0.0-20190804053845-51ab0e2deafa/go.mod h1:h1NjWce9XRLGQEsW7wpKNCjG9DtNlClVuFLEZdDNbEs=
golang.org/x/sys v0.44.0 h1:ildZl3J4uzeKP07r2F++Op7E9B29JRUy+a27EibtBTQ=
golang.org/x/sys v0.44.0/go.mod h1:4GL1E5IUh+htKOUEOaiffhrAeqysfVGipDYzABqnCmw=
gopkg.in/yaml.v3 v3.0.1 h1:fxVm/GzAzEWqLHuvctI91KS9hhNmmWOoWu0XTYJS7CA=
gopkg.in/yaml.v3 v3.0.1/go.mod h1:K4uyk7z7BCEPqu6E+C64Yfv1cQ7kz7rIZviUmN+EgEM=
